Microsoft Visual Studio Solution File, Format Version 12.00
# Visual Studio Version 17
VisualStudioVersion = 17.5.2.0
MinimumVisualStudioVersion = 10.0.40219.1
Project("{2150E333-8FDC-42A3-9474-1A3956D46DE8}") = "jade", "jade", "{E840B102-39E0-BEDD-C092-A7DF01EECA0C}"
EndProject
Project("{FAE04EC0-301F-11D3-BF4B-00C04F79EFBC}") = "Jade", "jade\src\Jade.csproj", "{5123E4EE-292F-7682-F26F-94919E30E6EA}"
EndProject
Global
	GlobalSection(SolutionConfigurationPlatforms) = preSolution
		Debug|Any CPU = Debug|Any CPU
		Release|Any CPU = Release|Any CPU
	EndGlobalSection
	GlobalSection(ProjectConfigurationPlatforms) = postSolution
		{5123E4EE-292F-7682-F26F-94919E30E6EA}.Debug|Any CPU.ActiveCfg = Debug|Any CPU
		{5123E4EE-292F-7682-F26F-94919E30E6EA}.Debug|Any CPU.Build.0 = Debug|Any CPU
		{5123E4EE-292F-7682-F26F-94919E30E6EA}.Release|Any CPU.ActiveCfg = Release|Any CPU
		{5123E4EE-292F-7682-F26F-94919E30E6EA}.Release|Any CPU.Build.0 = Release|Any CPU
	EndGlobalSection
	GlobalSection(SolutionProperties) = preSolution
		HideSolutionNode = FALSE
	EndGlobalSection
	GlobalSection(NestedProjects) = preSolution
		{5123E4EE-292F-7682-F26F-94919E30E6EA} = {E840B102-39E0-BEDD-C092-A7DF01EECA0C}
	EndGlobalSection
	GlobalSection(ExtensibilityGlobals) = postSolution
		SolutionGuid = {D90D02B8-47AC-4332-9BD5-A2996A1DB1F5}
	EndGlobalSection
EndGlobal
